
Microsoft Visual Studio Solution File, Format Version 12.00
# Visual Studio Version 17
VisualStudioVersion = 17.6.33723.286
MinimumVisualStudioVersion = 10.0.40219.1
Project("{8BC9CEB8-8B4A-11D0-8D11-00A0C91BC942}") = "0423Shirin1311", "0423Shirin1311\0423Shirin1311.vcxproj", "{9C8825B6-AF07-49E9-8185-989E0FA17636}"
EndProject
Global
	GlobalSection(SolutionConfigurationPlatforms) = preSolution
		Debug|x64 = Debug|x64
		Debug|x86 = Debug|x86
		Release|x64 = Release|x64
		Release|x86 = Release|x86
	EndGlobalSection
	GlobalSection(ProjectConfigurationPlatforms) = postSolution
		{9C8825B6-AF07-49E9-8185-989E0FA17636}.Debug|x64.ActiveCfg = Debug|x64
		{9C8825B6-AF07-49E9-8185-989E0FA17636}.Debug|x64.Build.0 = Debug|x64
		{9C8825B6-AF07-49E9-8185-989E0FA17636}.Debug|x86.ActiveCfg = Debug|Win32
		{9C8825B6-AF07-49E9-8185-989E0FA17636}.Debug|x86.Build.0 = Debug|Win32
		{9C8825B6-AF07-49E9-8185-989E0FA17636}.Release|x64.ActiveCfg = Release|x64
		{9C8825B6-AF07-49E9-8185-989E0FA17636}.Release|x64.Build.0 = Release|x64
		{9C8825B6-AF07-49E9-8185-989E0FA17636}.Release|x86.ActiveCfg = Release|Win32
		{9C8825B6-AF07-49E9-8185-989E0FA17636}.Release|x86.Build.0 = Release|Win32
	EndGlobalSection
	GlobalSection(SolutionProperties) = preSolution
		HideSolutionNode = FALSE
	EndGlobalSection
	GlobalSection(ExtensibilityGlobals) = postSolution
		SolutionGuid = {4A12957B-BA33-4966-8E59-49FB67B62204}
	EndGlobalSection
EndGlobal
